{
    "_readme": [
        "This file locks the dependencies of your project to a known state",
        "Read more about it at https://getcomposer.org/doc/01-basic-usage.md#installing-dependencies",
        "This file is @generated automatically"
    ],
    "content-hash": "6b2215564b44166803109e1a4066af0e",
    "packages": [
        {
            "name": "fusesource/stomp-php",
            "version": "2.1.1",
            "source": {
                "type": "git",
                "url": "https://github.com/dejanb/stomp-php.git",
                "reference": "4ac51c0abee05078e198faf13f48c056a72f8f8c"
            },
            "dist": {
                "type": "zip",
                "url": "https://api.github.com/repos/dejanb/stomp-php/zipball/4ac51c0abee05078e198faf13f48c056a72f8f8c",
                "reference": "4ac51c0abee05078e198faf13f48c056a72f8f8c",
                "shasum": ""
            },
            "require": {
                "php": ">=5.3.0"
            },
            "type": "library",
            "autoload": {
                "psr-0": {
                    "FuseSource": "src/"
                }
            },
            "notification-url": "https://packagist.org/downloads/",
            "license": [
                "Apache-2.0"
            ],
            "authors": [
                {
                    "name": "Dejan Bosnanac",
                    "email": "dejan@nighttale.net",
                    "homepage": "http://www.nighttale.net"
                },
                {
                    "name": "Sören Rohweder",
                    "email": "s.rohweder@blage.net",
                    "homepage": "http://www.monofone.de"
                }
            ],
            "description": "stomp support for PHP",
            "homepage": "http://github.com/dejanb/stomp-php",
            "keywords": [
                "activeMQ",
                "jms",
                "messaging",
                "stomp"
            ],
            "support": {
                "issues": "https://github.com/dejanb/stomp-php/issues",
                "source": "https://github.com/dejanb/stomp-php/tree/master"
            },
            "abandoned": "stomp-php/stomp-php",
            "time": "2013-02-23T17:34:44+00:00"
        }
    ],
    "packages-dev": [],
    "aliases": [],
    "minimum-stability": "stable",
    "stability-flags": [],
    "prefer-stable": false,
    "prefer-lowest": false,
    "platform": [],
    "platform-dev": [],
    "plugin-api-version": "2.1.0"
}
